// !$*UTF8*$!
{
	archiveVersion = 1;
	classes = {
	};
	objectVersion = 54;
	objects = {

/* Begin PBXBuildFile section */
		00E356F31AD99517003FC87E /* ClioTests.m in Sources */ = {isa = PBXBuildFile; fileRef = 00E356F21AD99517003FC87E /* ClioTests.m */; };
		08017F33632D42D38304E11C /* RightGrotesk-TallFine.otf in Resources */ = {isa = PBXBuildFile; fileRef = 52B0B7015CFD4694BBD22E72 /* RightGrotesk-TallFine.otf */; };
		094D5AAAEA7B47DC96173118 /* RightGrotesk-Medium.otf in Resources */ = {isa = PBXBuildFile; fileRef = 060C8962D6474E90A0440654 /* RightGrotesk-Medium.otf */; };
		0E629FDA1784486A85DA87D7 /* Poppins-ExtraLight.ttf in Resources */ = {isa = PBXBuildFile; fileRef = A4DCB2263B9844A1839929F0 /* Poppins-ExtraLight.ttf */; };
		1030C9A88D9C4D8AB9BD35BC /* Poppins-Medium.ttf in Resources */ = {isa = PBXBuildFile; fileRef = 7E5533BB7572425C9716F425 /* Poppins-Medium.ttf */; };
		13B07FBC1A68108700A75B9A /* AppDelegate.mm in Sources */ = {isa = PBXBuildFile; fileRef = 13B07FB01A68108700A75B9A /* AppDelegate.mm */; };
		13B07FBF1A68108700A75B9A /* Images.xcassets in Resources */ = {isa = PBXBuildFile; fileRef = 13B07FB51A68108700A75B9A /* Images.xcassets */; };
		13B07FC11A68108700A75B9A /* main.m in Sources */ = {isa = PBXBuildFile; fileRef = 13B07FB71A68108700A75B9A /* main.m */; };
		1C47E7BD46B04E7EA5F72A7E /* Pangram-Light.otf in Resources */ = {isa = PBXBuildFile; fileRef = 996404B2EA1F4DFCA13D2B84 /* Pangram-Light.otf */; };
		211B6B82113D40DC8FAA11E3 /* RightGrotesk-SpatialBlack.otf in Resources */ = {isa = PBXBuildFile; fileRef = 9943A6E58496461B9F445943 /* RightGrotesk-SpatialBlack.otf */; };
		2964D76526104E37B5D5AA84 /* RightGrotesk-TightMedium.otf in Resources */ = {isa = PBXBuildFile; fileRef = 886B8276627946638CCC33E3 /* RightGrotesk-TightMedium.otf */; };
		33DE025380A14FC89B92CB17 /* Poppins-Bold.ttf in Resources */ = {isa = PBXBuildFile; fileRef = 3CE271AB47904604A0D3130A /* Poppins-Bold.ttf */; };
		33F0834EC4394F87ACA9C3CF /* Poppins-Regular.ttf in Resources */ = {isa = PBXBuildFile; fileRef = BC5687974A7943CDB5D32C24 /* Poppins-Regular.ttf */; };
		3523885BE9024E7A8880BD22 /* RightGrotesk-CompactBlack.otf in Resources */ = {isa = PBXBuildFile; fileRef = 514D8CBBED30482D993EE9B0 /* RightGrotesk-CompactBlack.otf */; };
		388AD9FD001E4FA1B0B5E14A /* Poppins-SemiBold.ttf in Resources */ = {isa = PBXBuildFile; fileRef = 100F21BCA15B4F4793367070 /* Poppins-SemiBold.ttf */; };
		41DD1A67171A422FA159EFA1 /* Poppins-ExtraBold.ttf in Resources */ = {isa = PBXBuildFile; fileRef = 3091F48469DE4E1686EDCF3D /* Poppins-ExtraBold.ttf */; };
		46C3073A9F194F0EA096633D /* Poppins-Black.ttf in Resources */ = {isa = PBXBuildFile; fileRef = 210711DB23D24B3EAE5446F6 /* Poppins-Black.ttf */; };
		55C144B7A4F0A6AE1EE923F1 /* libPods-Clio.a in Frameworks */ = {isa = PBXBuildFile; fileRef = 9C2F6426B04231F2F8309FBF /* libPods-Clio.a */; };
		5970539C3BBC48BC91AF7419 /* Poppins-BoldItalic.ttf in Resources */ = {isa = PBXBuildFile; fileRef = EF0FC577FD554C2E8EBC0EBF /* Poppins-BoldItalic.ttf */; };
		5C176A56329F47E9A2713EC5 /* Pangram-ExtraLight.otf in Resources */ = {isa = PBXBuildFile; fileRef = B424AA6DB5CD403D9698AE60 /* Pangram-ExtraLight.otf */; };
		5DF413433C344EB99DE74C6E /* RightGrotesk-NarrowLight.otf in Resources */ = {isa = PBXBuildFile; fileRef = 2C1F53D67B3846DF89DDF531 /* RightGrotesk-NarrowLight.otf */; };
		60AF76C3D595494683469AD8 /* MonumentExtended-Regular.otf in Resources */ = {isa = PBXBuildFile; fileRef = 78E696D09CF9455B8C7D7F39 /* MonumentExtended-Regular.otf */; };
		69E330A69B834743BA706D6C /* Pangram-Black.otf in Resources */ = {isa = PBXBuildFile; fileRef = 6E4BBDA64F024B1E8017C8B2 /* Pangram-Black.otf */; };
		6B2DBD13A93E42E69472BAAF /* Poppins-BlackItalic.ttf in Resources */ = {isa = PBXBuildFile; fileRef = 21C22AE85B2E43BC9E080D8E /* Poppins-BlackItalic.ttf */; };
		7B6F059DB08B4BC18D9D5A1C /* Poppins-LightItalic.ttf in Resources */ = {isa = PBXBuildFile; fileRef = D03F9E3640394EA4A1AC1B5E /* Poppins-LightItalic.ttf */; };
		7F1E98C78E7D4F598803A5DD /* Pangram-Medium.otf in Resources */ = {isa = PBXBuildFile; fileRef = 35197265DAD74AE49C01EF30 /* Pangram-Medium.otf */; };
		81AB9BB82411601600AC10FF /* LaunchScreen.storyboard in Resources */ = {isa = PBXBuildFile; fileRef = 81AB9BB72411601600AC10FF /* LaunchScreen.storyboard */; };
		84CC5D72F9084050BB4C3251 /* RightGrotesk-WideMedium.otf in Resources */ = {isa = PBXBuildFile; fileRef = 9108B555EA10415BA6D31E25 /* RightGrotesk-WideMedium.otf */; };
		8E2FDCEE28912A3B00BC10A9 /* SpotifyiOS.xcframework in Frameworks */ = {isa = PBXBuildFile; fileRef = 8E2FDCEC28912A1700BC10A9 /* SpotifyiOS.xcframework */; };
		8E2FDCEF28912A3B00BC10A9 /* SpotifyiOS.xcframework in Embed Frameworks */ = {isa = PBXBuildFile; fileRef = 8E2FDCEC28912A1700BC10A9 /* SpotifyiOS.xcframework */; settings = {ATTRIBUTES = (CodeSignOnCopy, RemoveHeadersOnCopy, ); }; };
		AE4D8A80B1554053ADD83D1F /* Poppins-MediumItalic.ttf in Resources */ = {isa = PBXBuildFile; fileRef = CF92F78753B9430EB8C7C926 /* Poppins-MediumItalic.ttf */; };
		AFF090DF8E98463EA99855A5 /* Poppins-SemiBoldItalic.ttf in Resources */ = {isa = PBXBuildFile; fileRef = AF1E9757B30B45DE8B531489 /* Poppins-SemiBoldItalic.ttf */; };
		B61BE7E385004339B897EF81 /* Pangram-Regular.otf in Resources */ = {isa = PBXBuildFile; fileRef = DD418B9F812946A58617E496 /* Pangram-Regular.otf */; };
		C12A0CB02BD84A07B3FCEF91 /* Poppins-Italic.ttf in Resources */ = {isa = PBXBuildFile; fileRef = D2412A7A79E54E8E8C49D4E0 /* Poppins-Italic.ttf */; };
		CBB60BDED89948C182947B28 /* Poppins-ExtraBoldItalic.ttf in Resources */ = {isa = PBXBuildFile; fileRef = 706F4102F11F402EA5CDA7CB /* Poppins-ExtraBoldItalic.ttf */; };
		D323F690432E4A8190377A71 /* Poppins-Light.ttf in Resources */ = {isa = PBXBuildFile; fileRef = 741177EA17574F9D976A9C15 /* Poppins-Light.ttf */; };
		D7FAEEFBE94D4F96AB65CB15 /* Pangram-Bold.otf in Resources */ = {isa = PBXBuildFile; fileRef = 6C74D3F112D44CA1BBCFCBCF /* Pangram-Bold.otf */; };
		DB18223249214431958FCA5C /* Poppins-ThinItalic.ttf in Resources */ = {isa = PBXBuildFile; fileRef = 058B34A9193E419BA40E6EB6 /* Poppins-ThinItalic.ttf */; };
		E180B3BA2832D97B00B1A703 /* dummy.swift in Sources */ = {isa = PBXBuildFile; fileRef = E180B3B92832D97B00B1A703 /* dummy.swift */; };
		E66D12DC212949D0BAB7B78A /* Poppins-Thin.ttf in Resources */ = {isa = PBXBuildFile; fileRef = ECC6DDD174C74D738C4D78D7 /* Poppins-Thin.ttf */; };
		E78CFAEAC3D44C539C732E83 /* Poppins-ExtraLightItalic.ttf in Resources */ = {isa = PBXBuildFile; fileRef = 196BB997300C44BAB4EABE4A /* Poppins-ExtraLightItalic.ttf */; };
		ED1B229D061EE2048F5D2E0F /* libPods-Clio-ClioTests.a in Frameworks */ = {isa = PBXBuildFile; fileRef = 6377F70D3D210EAA571019C5 /* libPods-Clio-ClioTests.a */; };
		F936C855693C47809FD8627F /* Pangram-ExtraBold.otf in Resources */ = {isa = PBXBuildFile; fileRef = 69F25715CD2B4892B60358A5 /* Pangram-ExtraBold.otf */; };
/* End PBXBuildFile section */

/* Begin PBXContainerItemProxy section */
		00E356F41AD99517003FC87E /* PBXContainerItemProxy */ = {
			isa = PBXContainerItemProxy;
			containerPortal = 83CBB9F71A601CBA00E9B192 /* Project object */;
			proxyType = 1;
			remoteGlobalIDString = 13B07F861A680F5B00A75B9A;
			remoteInfo = Clio;
		};
/* End PBXContainerItemProxy section */

/* Begin PBXCopyFilesBuildPhase section */
		8E2FDCF028912A3B00BC10A9 /* Embed Frameworks */ = {
			isa = PBXCopyFilesBuildPhase;
			buildActionMask = 2147483647;
			dstPath = "";
			dstSubfolderSpec = 10;
			files = (
				8E2FDCEF28912A3B00BC10A9 /* SpotifyiOS.xcframework in Embed Frameworks */,
			);
			name = "Embed Frameworks";
			runOnlyForDeploymentPostprocessing = 0;
		};
/* End PBXCopyFilesBuildPhase section */

/* Begin PBXFileReference section */
		00E356EE1AD99517003FC87E /* ClioTests.xctest */ = {isa = PBXFileReference; explicitFileType = wrapper.cfbundle; includeInIndex = 0; path = ClioTests.xctest; sourceTree = BUILT_PRODUCTS_DIR; };
		00E356F11AD99517003FC87E /* Info.plist */ = {isa = PBXFileReference; lastKnownFileType = text.plist.xml; path = Info.plist; sourceTree = "<group>"; };
		00E356F21AD99517003FC87E /* ClioTests.m */ = {isa = PBXFileReference; lastKnownFileType = sourcecode.c.objc; path = ClioTests.m; sourceTree = "<group>"; };
		058B34A9193E419BA40E6EB6 /* Poppins-ThinItalic.ttf */ = {isa = PBXFileReference; explicitFileType = undefined; fileEncoding = 9; includeInIndex = 0; lastKnownFileType = unknown; name = "Poppins-ThinItalic.ttf"; path = "../src/assets/fonts/Poppins-ThinItalic.ttf"; sourceTree = "<group>"; };
		060C8962D6474E90A0440654 /* RightGrotesk-Medium.otf */ = {isa = PBXFileReference; explicitFileType = undefined; fileEncoding = 9; includeInIndex = 0; lastKnownFileType = unknown; name = "RightGrotesk-Medium.otf"; path = "../src/assets/fonts/RightGrotesk-Medium.otf"; sourceTree = "<group>"; };
		0A2C908E891348B9B0718FBB /* Octicons.ttf */ = {isa = PBXFileReference; explicitFileType = undefined; fileEncoding = 9; includeInIndex = 0; lastKnownFileType = unknown; name = Octicons.ttf; path = "../node_modules/react-native-vector-icons/Fonts/Octicons.ttf"; sourceTree = "<group>"; };
		0DAFFFB2C1804F2D958D8CA5 /* MaterialCommunityIcons.ttf */ = {isa = PBXFileReference; explicitFileType = undefined; fileEncoding = 9; includeInIndex = 0; lastKnownFileType = unknown; name = MaterialCommunityIcons.ttf; path = "../node_modules/react-native-vector-icons/Fonts/MaterialCommunityIcons.ttf"; sourceTree = "<group>"; };
		100F21BCA15B4F4793367070 /* Poppins-SemiBold.ttf */ = {isa = PBXFileReference; explicitFileType = undefined; fileEncoding = 9; includeInIndex = 0; lastKnownFileType = unknown; name = "Poppins-SemiBold.ttf"; path = "../src/assets/fonts/Poppins-SemiBold.ttf"; sourceTree = "<group>"; };
		1367594957478920276E33D0 /* Pods-Clio-ClioTests.release.xcconfig */ = {isa = PBXFileReference; includeInIndex = 1; lastKnownFileType = text.xcconfig; name = "Pods-Clio-ClioTests.release.xcconfig"; path = "Target Support Files/Pods-Clio-ClioTests/Pods-Clio-ClioTests.release.xcconfig"; sourceTree = "<group>"; };
		13B07F961A680F5B00A75B9A /* Clio.app */ = {isa = PBXFileReference; explicitFileType = wrapper.application; includeInIndex = 0; path = Clio.app; sourceTree = BUILT_PRODUCTS_DIR; };
		13B07FAF1A68108700A75B9A /* AppDelegate.h */ = {isa = PBXFileReference; fileEncoding = 4; lastKnownFileType = sourcecode.c.h; name = AppDelegate.h; path = Clio/AppDelegate.h; sourceTree = "<group>"; };
		13B07FB01A68108700A75B9A /* AppDelegate.mm */ = {isa = PBXFileReference; fileEncoding = 4; lastKnownFileType = sourcecode.cpp.objcpp; name = AppDelegate.mm; path = Clio/AppDelegate.mm; sourceTree = "<group>"; };
		13B07FB51A68108700A75B9A /* Images.xcassets */ = {isa = PBXFileReference; lastKnownFileType = folder.assetcatalog; name = Images.xcassets; path = Clio/Images.xcassets; sourceTree = "<group>"; };
		13B07FB61A68108700A75B9A /* Info.plist */ = {isa = PBXFileReference; fileEncoding = 4; lastKnownFileType = text.plist.xml; name = Info.plist; path = Clio/Info.plist; sourceTree = "<group>"; };
		13B07FB71A68108700A75B9A /* main.m */ = {isa = PBXFileReference; fileEncoding = 4; lastKnownFileType = sourcecode.c.objc; name = main.m; path = Clio/main.m; sourceTree = "<group>"; };
		196BB997300C44BAB4EABE4A /* Poppins-ExtraLightItalic.ttf */ = {isa = PBXFileReference; explicitFileType = undefined; fileEncoding = 9; includeInIndex = 0; lastKnownFileType = unknown; name = "Poppins-ExtraLightItalic.ttf"; path = "../src/assets/fonts/Poppins-ExtraLightItalic.ttf"; sourceTree = "<group>"; };
		1F45F070CF6743BB9F79435A /* FontAwesome5_Regular.ttf */ = {isa = PBXFileReference; explicitFileType = undefined; fileEncoding = 9; includeInIndex = 0; lastKnownFileType = unknown; name = FontAwesome5_Regular.ttf; path = "../node_modules/react-native-vector-icons/Fonts/FontAwesome5_Regular.ttf"; sourceTree = "<group>"; };
		210711DB23D24B3EAE5446F6 /* Poppins-Black.ttf */ = {isa = PBXFileReference; explicitFileType = undefined; fileEncoding = 9; includeInIndex = 0; lastKnownFileType = unknown; name = "Poppins-Black.ttf"; path = "../src/assets/fonts/Poppins-Black.ttf"; sourceTree = "<group>"; };
		21C22AE85B2E43BC9E080D8E /* Poppins-BlackItalic.ttf */ = {isa = PBXFileReference; explicitFileType = undefined; fileEncoding = 9; includeInIndex = 0; lastKnownFileType = unknown; name = "Poppins-BlackItalic.ttf"; path = "../src/assets/fonts/Poppins-BlackItalic.ttf"; sourceTree = "<group>"; };
		24E44BB0A3224956826F561B /* Zocial.ttf */ = {isa = PBXFileReference; explicitFileType = undefined; fileEncoding = 9; includeInIndex = 0; lastKnownFileType = unknown; name = Zocial.ttf; path = "../node_modules/react-native-vector-icons/Fonts/Zocial.ttf"; sourceTree = "<group>"; };
		2C1F53D67B3846DF89DDF531 /* RightGrotesk-NarrowLight.otf */ = {isa = PBXFileReference; explicitFileType = undefined; fileEncoding = 9; includeInIndex = 0; lastKnownFileType = unknown; name = "RightGrotesk-NarrowLight.otf"; path = "../src/assets/fonts/RightGrotesk-NarrowLight.otf"; sourceTree = "<group>"; };
		3091F48469DE4E1686EDCF3D /* Poppins-ExtraBold.ttf */ = {isa = PBXFileReference; explicitFileType = undefined; fileEncoding = 9; includeInIndex = 0; lastKnownFileType = unknown; name = "Poppins-ExtraBold.ttf"; path = "../src/assets/fonts/Poppins-ExtraBold.ttf"; sourceTree = "<group>"; };
		343CEC7AD08C4DA1B27EDEFA /* Entypo.ttf */ = {isa = PBXFileReference; explicitFileType = undefined; fileEncoding = 9; includeInIndex = 0; lastKnownFileType = unknown; name = Entypo.ttf; path = "../node_modules/react-native-vector-icons/Fonts/Entypo.ttf"; sourceTree = "<group>"; };
		35197265DAD74AE49C01EF30 /* Pangram-Medium.otf */ = {isa = PBXFileReference; explicitFileType = undefined; fileEncoding = 9; includeInIndex = 0; lastKnownFileType = unknown; name = "Pangram-Medium.otf"; path = "../src/assets/fonts/Pangram-Medium.otf"; sourceTree = "<group>"; };
		3715FBC784B44057BC043286 /* Foundation.ttf */ = {isa = PBXFileReference; explicitFileType = undefined; fileEncoding = 9; includeInIndex = 0; lastKnownFileType = unknown; name = Foundation.ttf; path = "../node_modules/react-native-vector-icons/Fonts/Foundation.ttf"; sourceTree = "<group>"; };
		3CE271AB47904604A0D3130A /* Poppins-Bold.ttf */ = {isa = PBXFileReference; explicitFileType = undefined; fileEncoding = 9; includeInIndex = 0; lastKnownFileType = unknown; name = "Poppins-Bold.ttf"; path = "../src/assets/fonts/Poppins-Bold.ttf"; sourceTree = "<group>"; };
		3E86BC6CAC494A0B8A3901FC /* SimpleLineIcons.ttf */ = {isa = PBXFileReference; explicitFileType = undefined; fileEncoding = 9; includeInIndex = 0; lastKnownFileType = unknown; name = SimpleLineIcons.ttf; path = "../node_modules/react-native-vector-icons/Fonts/SimpleLineIcons.ttf"; sourceTree = "<group>"; };
		496544315427400D88702E34 /* FontAwesome5_Brands.ttf */ = {isa = PBXFileReference; explicitFileType = undefined; fileEncoding = 9; includeInIndex = 0; lastKnownFileType = unknown; name = FontAwesome5_Brands.ttf; path = "../node_modules/react-native-vector-icons/Fonts/FontAwesome5_Brands.ttf"; sourceTree = "<group>"; };
		514D8CBBED30482D993EE9B0 /* RightGrotesk-CompactBlack.otf */ = {isa = PBXFileReference; explicitFileType = undefined; fileEncoding = 9; includeInIndex = 0; lastKnownFileType = unknown; name = "RightGrotesk-CompactBlack.otf"; path = "../src/assets/fonts/RightGrotesk-CompactBlack.otf"; sourceTree = "<group>"; };
		52B0B7015CFD4694BBD22E72 /* RightGrotesk-TallFine.otf */ = {isa = PBXFileReference; explicitFileType = undefined; fileEncoding = 9; includeInIndex = 0; lastKnownFileType = unknown; name = "RightGrotesk-TallFine.otf"; path = "../src/assets/fonts/RightGrotesk-TallFine.otf"; sourceTree = "<group>"; };
		57AC6AAE1849C7F9FC6B7D95 /* Pods-Clio-ClioTests.debug.xcconfig */ = {isa = PBXFileReference; includeInIndex = 1; lastKnownFileType = text.xcconfig; name = "Pods-Clio-ClioTests.debug.xcconfig"; path = "Target Support Files/Pods-Clio-ClioTests/Pods-Clio-ClioTests.debug.xcconfig"; sourceTree = "<group>"; };
		58CA813D5E4348D3B2541673 /* EvilIcons.ttf */ = {isa = PBXFileReference; explicitFileType = undefined; fileEncoding = 9; includeInIndex = 0; lastKnownFileType = unknown; name = EvilIcons.ttf; path = "../node_modules/react-native-vector-icons/Fonts/EvilIcons.ttf"; sourceTree = "<group>"; };
		6377F70D3D210EAA571019C5 /* libPods-Clio-ClioTests.a */ = {isa = PBXFileReference; explicitFileType = archive.ar; includeInIndex = 0; path = "libPods-Clio-ClioTests.a"; sourceTree = BUILT_PRODUCTS_DIR; };
		69F25715CD2B4892B60358A5 /* Pangram-ExtraBold.otf */ = {isa = PBXFileReference; explicitFileType = undefined; fileEncoding = 9; includeInIndex = 0; lastKnownFileType = unknown; name = "Pangram-ExtraBold.otf"; path = "../src/assets/fonts/Pangram-ExtraBold.otf"; sourceTree = "<group>"; };
		6C74D3F112D44CA1BBCFCBCF /* Pangram-Bold.otf */ = {isa = PBXFileReference; explicitFileType = undefined; fileEncoding = 9; includeInIndex = 0; lastKnownFileType = unknown; name = "Pangram-Bold.otf"; path = "../src/assets/fonts/Pangram-Bold.otf"; sourceTree = "<group>"; };
		6E4BBDA64F024B1E8017C8B2 /* Pangram-Black.otf */ = {isa = PBXFileReference; explicitFileType = undefined; fileEncoding = 9; includeInIndex = 0; lastKnownFileType = unknown; name = "Pangram-Black.otf"; path = "../src/assets/fonts/Pangram-Black.otf"; sourceTree = "<group>"; };
		706F4102F11F402EA5CDA7CB /* Poppins-ExtraBoldItalic.ttf */ = {isa = PBXFileReference; explicitFileType = undefined; fileEncoding = 9; includeInIndex = 0; lastKnownFileType = unknown; name = "Poppins-ExtraBoldItalic.ttf"; path = "../src/assets/fonts/Poppins-ExtraBoldItalic.ttf"; sourceTree = "<group>"; };
		73013779F7644170BD088CC1 /* Ionicons.ttf */ = {isa = PBXFileReference; explicitFileType = undefined; fileEncoding = 9; includeInIndex = 0; lastKnownFileType = unknown; name = Ionicons.ttf; path = "../node_modules/react-native-vector-icons/Fonts/Ionicons.ttf"; sourceTree = "<group>"; };
		741177EA17574F9D976A9C15 /* Poppins-Light.ttf */ = {isa = PBXFileReference; explicitFileType = undefined; fileEncoding = 9; includeInIndex = 0; lastKnownFileType = unknown; name = "Poppins-Light.ttf"; path = "../src/assets/fonts/Poppins-Light.ttf"; sourceTree = "<group>"; };
		78E696D09CF9455B8C7D7F39 /* MonumentExtended-Regular.otf */ = {isa = PBXFileReference; explicitFileType = undefined; fileEncoding = 9; includeInIndex = 0; lastKnownFileType = unknown; name = "MonumentExtended-Regular.otf"; path = "../src/assets/fonts/MonumentExtended-Regular.otf"; sourceTree = "<group>"; };
		7E5533BB7572425C9716F425 /* Poppins-Medium.ttf */ = {isa = PBXFileReference; explicitFileType = undefined; fileEncoding = 9; includeInIndex = 0; lastKnownFileType = unknown; name = "Poppins-Medium.ttf"; path = "../src/assets/fonts/Poppins-Medium.ttf"; sourceTree = "<group>"; };
		81AB9BB72411601600AC10FF /* LaunchScreen.storyboard */ = {isa = PBXFileReference; fileEncoding = 4; lastKnownFileType = file.storyboard; name = LaunchScreen.storyboard; path = Clio/LaunchScreen.storyboard; sourceTree = "<group>"; };
		886B8276627946638CCC33E3 /* RightGrotesk-TightMedium.otf */ = {isa = PBXFileReference; explicitFileType = undefined; fileEncoding = 9; includeInIndex = 0; lastKnownFileType = unknown; name = "RightGrotesk-TightMedium.otf"; path = "../src/assets/fonts/RightGrotesk-TightMedium.otf"; sourceTree = "<group>"; };
		8E2FDCEC28912A1700BC10A9 /* SpotifyiOS.xcframework */ = {isa = PBXFileReference; lastKnownFileType = wrapper.xcframework; name = SpotifyiOS.xcframework; path = "../node_modules/react-native-spotify-remote/ios/external/SpotifySDK/SpotifyiOS.xcframework"; sourceTree = "<group>"; };
		9108B555EA10415BA6D31E25 /* RightGrotesk-WideMedium.otf */ = {isa = PBXFileReference; explicitFileType = undefined; fileEncoding = 9; includeInIndex = 0; lastKnownFileType = unknown; name = "RightGrotesk-WideMedium.otf"; path = "../src/assets/fonts/RightGrotesk-WideMedium.otf"; sourceTree = "<group>"; };
		9943A6E58496461B9F445943 /* RightGrotesk-SpatialBlack.otf */ = {isa = PBXFileReference; explicitFileType = undefined; fileEncoding = 9; includeInIndex = 0; lastKnownFileType = unknown; name = "RightGrotesk-SpatialBlack.otf"; path = "../src/assets/fonts/RightGrotesk-SpatialBlack.otf"; sourceTree = "<group>"; };
		996404B2EA1F4DFCA13D2B84 /* Pangram-Light.otf */ = {isa = PBXFileReference; explicitFileType = undefined; fileEncoding = 9; includeInIndex = 0; lastKnownFileType = unknown; name = "Pangram-Light.otf"; path = "../src/assets/fonts/Pangram-Light.otf"; sourceTree = "<group>"; };
		9966334D420042A39C15A316 /* Feather.ttf */ = {isa = PBXFileReference; explicitFileType = undefined; fileEncoding = 9; includeInIndex = 0; lastKnownFileType = unknown; name = Feather.ttf; path = "../node_modules/react-native-vector-icons/Fonts/Feather.ttf"; sourceTree = "<group>"; };
		9984477170F38A730D7BC8F2 /* Pods-Clio.debug.xcconfig */ = {isa = PBXFileReference; includeInIndex = 1; lastKnownFileType = text.xcconfig; name = "Pods-Clio.debug.xcconfig"; path = "Target Support Files/Pods-Clio/Pods-Clio.debug.xcconfig"; sourceTree = "<group>"; };
		9C2F6426B04231F2F8309FBF /* libPods-Clio.a */ = {isa = PBXFileReference; explicitFileType = archive.ar; includeInIndex = 0; path = "libPods-Clio.a"; sourceTree = BUILT_PRODUCTS_DIR; };
		A1C79A04AED749A186FCAD04 /* FontAwesome5_Solid.ttf */ = {isa = PBXFileReference; explicitFileType = undefined; fileEncoding = 9; includeInIndex = 0; lastKnownFileType = unknown; name = FontAwesome5_Solid.ttf; path = "../node_modules/react-native-vector-icons/Fonts/FontAwesome5_Solid.ttf"; sourceTree = "<group>"; };
		A4DCB2263B9844A1839929F0 /* Poppins-ExtraLight.ttf */ = {isa = PBXFileReference; explicitFileType = undefined; fileEncoding = 9; includeInIndex = 0; lastKnownFileType = unknown; name = "Poppins-ExtraLight.ttf"; path = "../src/assets/fonts/Poppins-ExtraLight.ttf"; sourceTree = "<group>"; };
		AB670CF456FE414FB1E51795 /* Fontisto.ttf */ = {isa = PBXFileReference; explicitFileType = undefined; fileEncoding = 9; includeInIndex = 0; lastKnownFileType = unknown; name = Fontisto.ttf; path = "../node_modules/react-native-vector-icons/Fonts/Fontisto.ttf"; sourceTree = "<group>"; };
		AF1E9757B30B45DE8B531489 /* Poppins-SemiBoldItalic.ttf */ = {isa = PBXFileReference; explicitFileType = undefined; fileEncoding = 9; includeInIndex = 0; lastKnownFileType = unknown; name = "Poppins-SemiBoldItalic.ttf"; path = "../src/assets/fonts/Poppins-SemiBoldItalic.ttf"; sourceTree = "<group>"; };
		B22E11176EE24869A955C589 /* MaterialIcons.ttf */ = {isa = PBXFileReference; explicitFileType = undefined; fileEncoding = 9; includeInIndex = 0; lastKnownFileType = unknown; name = MaterialIcons.ttf; path = "../node_modules/react-native-vector-icons/Fonts/MaterialIcons.ttf"; sourceTree = "<group>"; };
		B424AA6DB5CD403D9698AE60 /* Pangram-ExtraLight.otf */ = {isa = PBXFileReference; explicitFileType = undefined; fileEncoding = 9; includeInIndex = 0; lastKnownFileType = unknown; name = "Pangram-ExtraLight.otf"; path = "../src/assets/fonts/Pangram-ExtraLight.otf"; sourceTree = "<group>"; };
		BC5687974A7943CDB5D32C24 /* Poppins-Regular.ttf */ = {isa = PBXFileReference; explicitFileType = undefined; fileEncoding = 9; includeInIndex = 0; lastKnownFileType = unknown; name = "Poppins-Regular.ttf"; path = "../src/assets/fonts/Poppins-Regular.ttf"; sourceTree = "<group>"; };
		BDD873FDCA4B4F848EF8D6B0 /* AntDesign.ttf */ = {isa = PBXFileReference; explicitFileType = undefined; fileEncoding = 9; includeInIndex = 0; lastKnownFileType = unknown; name = AntDesign.ttf; path = "../node_modules/react-native-vector-icons/Fonts/AntDesign.ttf"; sourceTree = "<group>"; };
		CD01B3BB69F88A60220B0285 /* Pods-Clio.release.xcconfig */ = {isa = PBXFileReference; includeInIndex = 1; lastKnownFileType = text.xcconfig; name = "Pods-Clio.release.xcconfig"; path = "Target Support Files/Pods-Clio/Pods-Clio.release.xcconfig"; sourceTree = "<group>"; };
		CF92F78753B9430EB8C7C926 /* Poppins-MediumItalic.ttf */ = {isa = PBXFileReference; explicitFileType = undefined; fileEncoding = 9; includeInIndex = 0; lastKnownFileType = unknown; name = "Poppins-MediumItalic.ttf"; path = "../src/assets/fonts/Poppins-MediumItalic.ttf"; sourceTree = "<group>"; };
		CFB3CCF90C7E48E1A0E05F0E /* FontAwesome.ttf */ = {isa = PBXFileReference; explicitFileType = undefined; fileEncoding = 9; includeInIndex = 0; lastKnownFileType = unknown; name = FontAwesome.ttf; path = "../node_modules/react-native-vector-icons/Fonts/FontAwesome.ttf"; sourceTree = "<group>"; };
		D03F9E3640394EA4A1AC1B5E /* Poppins-LightItalic.ttf */ = {isa = PBXFileReference; explicitFileType = undefined; fileEncoding = 9; includeInIndex = 0; lastKnownFileType = unknown; name = "Poppins-LightItalic.ttf"; path = "../src/assets/fonts/Poppins-LightItalic.ttf"; sourceTree = "<group>"; };
		D2412A7A79E54E8E8C49D4E0 /* Poppins-Italic.ttf */ = {isa = PBXFileReference; explicitFileType = undefined; fileEncoding = 9; includeInIndex = 0; lastKnownFileType = unknown; name = "Poppins-Italic.ttf"; path = "../src/assets/fonts/Poppins-Italic.ttf"; sourceTree = "<group>"; };
		DD418B9F812946A58617E496 /* Pangram-Regular.otf */ = {isa = PBXFileReference; explicitFileType = undefined; fileEncoding = 9; includeInIndex = 0; lastKnownFileType = unknown; name = "Pangram-Regular.otf"; path = "../src/assets/fonts/Pangram-Regular.otf"; sourceTree = "<group>"; };
		E180B3B82832D97B00B1A703 /* Clio-Bridging-Header.h */ = {isa = PBXFileReference; lastKnownFileType = sourcecode.c.h; path = "Clio-Bridging-Header.h"; sourceTree = "<group>"; };
		E180B3B92832D97B00B1A703 /* dummy.swift */ = {isa = PBXFileReference; lastKnownFileType = sourcecode.swift; path = dummy.swift; sourceTree = "<group>"; };
		ECC6DDD174C74D738C4D78D7 /* Poppins-Thin.ttf */ = {isa = PBXFileReference; explicitFileType = undefined; fileEncoding = 9; includeInIndex = 0; lastKnownFileType = unknown; name = "Poppins-Thin.ttf"; path = "../src/assets/fonts/Poppins-Thin.ttf"; sourceTree = "<group>"; };
		ED297162215061F000B7C4FE /* JavaScriptCore.framework */ = {isa = PBXFileReference; lastKnownFileType = wrapper.framework; name = JavaScriptCore.framework; path = System/Library/Frameworks/JavaScriptCore.framework; sourceTree = SDKROOT; };
		EF0FC577FD554C2E8EBC0EBF /* Poppins-BoldItalic.ttf */ = {isa = PBXFileReference; explicitFileType = undefined; fileEncoding = 9; includeInIndex = 0; lastKnownFileType = unknown; name = "Poppins-BoldItalic.ttf"; path = "../src/assets/fonts/Poppins-BoldItalic.ttf"; sourceTree = "<group>"; };
		F835437E288F07A4000D694D /* SpotifyiOS.framework */ = {isa = PBXFileReference; lastKnownFileType = wrapper.framework; name = SpotifyiOS.framework; path = "../node_modules/react-native-spotify-remote/ios/external/SpotifySDK/SpotifyiOS.framework"; sourceTree = "<group>"; };
/* End PBXFileReference section */

/* Begin PBXFrameworksBuildPhase section */
		00E356EB1AD99517003FC87E /* Frameworks */ = {
			isa = PBXFrameworksBuildPhase;
			buildActionMask = 2147483647;
			files = (
				ED1B229D061EE2048F5D2E0F /* libPods-Clio-ClioTests.a in Frameworks */,
			);
			runOnlyForDeploymentPostprocessing = 0;
		};
		13B07F8C1A680F5B00A75B9A /* Frameworks */ = {
			isa = PBXFrameworksBuildPhase;
			buildActionMask = 2147483647;
			files = (
				55C144B7A4F0A6AE1EE923F1 /* libPods-Clio.a in Frameworks */,
				8E2FDCEE28912A3B00BC10A9 /* SpotifyiOS.xcframework in Frameworks */,
			);
			runOnlyForDeploymentPostprocessing = 0;
		};
/* End PBXFrameworksBuildPhase section */

/* Begin PBXGroup section */
		00E356EF1AD99517003FC87E /* ClioTests */ = {
			isa = PBXGroup;
			children = (
				00E356F21AD99517003FC87E /* ClioTests.m */,
				00E356F01AD99517003FC87E /* Supporting Files */,
			);
			path = ClioTests;
			sourceTree = "<group>";
		};
		00E356F01AD99517003FC87E /* Supporting Files */ = {
			isa = PBXGroup;
			children = (
				00E356F11AD99517003FC87E /* Info.plist */,
			);
			name = "Supporting Files";
			sourceTree = "<group>";
		};
		13B07FAE1A68108700A75B9A /* Clio */ = {
			isa = PBXGroup;
			children = (
				13B07FAF1A68108700A75B9A /* AppDelegate.h */,
				13B07FB01A68108700A75B9A /* AppDelegate.mm */,
				13B07FB51A68108700A75B9A /* Images.xcassets */,
				13B07FB61A68108700A75B9A /* Info.plist */,
				81AB9BB72411601600AC10FF /* LaunchScreen.storyboard */,
				13B07FB71A68108700A75B9A /* main.m */,
				E180B3B92832D97B00B1A703 /* dummy.swift */,
				E180B3B82832D97B00B1A703 /* Clio-Bridging-Header.h */,
			);
			name = Clio;
			sourceTree = "<group>";
		};
		2D16E6871FA4F8E400B85C8A /* Frameworks */ = {
			isa = PBXGroup;
			children = (
				8E2FDCEC28912A1700BC10A9 /* SpotifyiOS.xcframework */,
				F835437E288F07A4000D694D /* SpotifyiOS.framework */,
				ED297162215061F000B7C4FE /* JavaScriptCore.framework */,
				9C2F6426B04231F2F8309FBF /* libPods-Clio.a */,
				6377F70D3D210EAA571019C5 /* libPods-Clio-ClioTests.a */,
			);
			name = Frameworks;
			sourceTree = "<group>";
		};
		5675C06B403C44518F54AB56 /* Resources */ = {
			isa = PBXGroup;
			children = (
				514D8CBBED30482D993EE9B0 /* RightGrotesk-CompactBlack.otf */,
				060C8962D6474E90A0440654 /* RightGrotesk-Medium.otf */,
				2C1F53D67B3846DF89DDF531 /* RightGrotesk-NarrowLight.otf */,
				9943A6E58496461B9F445943 /* RightGrotesk-SpatialBlack.otf */,
				52B0B7015CFD4694BBD22E72 /* RightGrotesk-TallFine.otf */,
				886B8276627946638CCC33E3 /* RightGrotesk-TightMedium.otf */,
				9108B555EA10415BA6D31E25 /* RightGrotesk-WideMedium.otf */,
				6E4BBDA64F024B1E8017C8B2 /* Pangram-Black.otf */,
				6C74D3F112D44CA1BBCFCBCF /* Pangram-Bold.otf */,
				69F25715CD2B4892B60358A5 /* Pangram-ExtraBold.otf */,
				B424AA6DB5CD403D9698AE60 /* Pangram-ExtraLight.otf */,
				996404B2EA1F4DFCA13D2B84 /* Pangram-Light.otf */,
				35197265DAD74AE49C01EF30 /* Pangram-Medium.otf */,
				DD418B9F812946A58617E496 /* Pangram-Regular.otf */,
				78E696D09CF9455B8C7D7F39 /* MonumentExtended-Regular.otf */,
				BDD873FDCA4B4F848EF8D6B0 /* AntDesign.ttf */,
				343CEC7AD08C4DA1B27EDEFA /* Entypo.ttf */,
				58CA813D5E4348D3B2541673 /* EvilIcons.ttf */,
				9966334D420042A39C15A316 /* Feather.ttf */,
				CFB3CCF90C7E48E1A0E05F0E /* FontAwesome.ttf */,
				496544315427400D88702E34 /* FontAwesome5_Brands.ttf */,
				1F45F070CF6743BB9F79435A /* FontAwesome5_Regular.ttf */,
				A1C79A04AED749A186FCAD04 /* FontAwesome5_Solid.ttf */,
				AB670CF456FE414FB1E51795 /* Fontisto.ttf */,
				3715FBC784B44057BC043286 /* Foundation.ttf */,
				73013779F7644170BD088CC1 /* Ionicons.ttf */,
				0DAFFFB2C1804F2D958D8CA5 /* MaterialCommunityIcons.ttf */,
				B22E11176EE24869A955C589 /* MaterialIcons.ttf */,
				0A2C908E891348B9B0718FBB /* Octicons.ttf */,
				3E86BC6CAC494A0B8A3901FC /* SimpleLineIcons.ttf */,
				24E44BB0A3224956826F561B /* Zocial.ttf */,
				210711DB23D24B3EAE5446F6 /* Poppins-Black.ttf */,
				21C22AE85B2E43BC9E080D8E /* Poppins-BlackItalic.ttf */,
				3CE271AB47904604A0D3130A /* Poppins-Bold.ttf */,
				EF0FC577FD554C2E8EBC0EBF /* Poppins-BoldItalic.ttf */,
				3091F48469DE4E1686EDCF3D /* Poppins-ExtraBold.ttf */,
				706F4102F11F402EA5CDA7CB /* Poppins-ExtraBoldItalic.ttf */,
				A4DCB2263B9844A1839929F0 /* Poppins-ExtraLight.ttf */,
				196BB997300C44BAB4EABE4A /* Poppins-ExtraLightItalic.ttf */,
				D2412A7A79E54E8E8C49D4E0 /* Poppins-Italic.ttf */,
				741177EA17574F9D976A9C15 /* Poppins-Light.ttf */,
				D03F9E3640394EA4A1AC1B5E /* Poppins-LightItalic.ttf */,
				7E5533BB7572425C9716F425 /* Poppins-Medium.ttf */,
				CF92F78753B9430EB8C7C926 /* Poppins-MediumItalic.ttf */,
				BC5687974A7943CDB5D32C24 /* Poppins-Regular.ttf */,
				100F21BCA15B4F4793367070 /* Poppins-SemiBold.ttf */,
				AF1E9757B30B45DE8B531489 /* Poppins-SemiBoldItalic.ttf */,
				ECC6DDD174C74D738C4D78D7 /* Poppins-Thin.ttf */,
				058B34A9193E419BA40E6EB6 /* Poppins-ThinItalic.ttf */,
			);
			name = Resources;
			sourceTree = "<group>";
		};
		832341AE1AAA6A7D00B99B32 /* Libraries */ = {
			isa = PBXGroup;
			children = (
			);
			name = Libraries;
			sourceTree = "<group>";
		};
		83CBB9F61A601CBA00E9B192 = {
			isa = PBXGroup;
			children = (
				13B07FAE1A68108700A75B9A /* Clio */,
				832341AE1AAA6A7D00B99B32 /* Libraries */,
				00E356EF1AD99517003FC87E /* ClioTests */,
				83CBBA001A601CBA00E9B192 /* Products */,
				2D16E6871FA4F8E400B85C8A /* Frameworks */,
				BBD78D7AC51CEA395F1C20DB /* Pods */,
				5675C06B403C44518F54AB56 /* Resources */,
			);
			indentWidth = 2;
			sourceTree = "<group>";
			tabWidth = 2;
			usesTabs = 0;
		};
		83CBBA001A601CBA00E9B192 /* Products */ = {
			isa = PBXGroup;
			children = (
				13B07F961A680F5B00A75B9A /* Clio.app */,
				00E356EE1AD99517003FC87E /* ClioTests.xctest */,
			);
			name = Products;
			sourceTree = "<group>";
		};
		BBD78D7AC51CEA395F1C20DB /* Pods */ = {
			isa = PBXGroup;
			children = (
				9984477170F38A730D7BC8F2 /* Pods-Clio.debug.xcconfig */,
				CD01B3BB69F88A60220B0285 /* Pods-Clio.release.xcconfig */,
				57AC6AAE1849C7F9FC6B7D95 /* Pods-Clio-ClioTests.debug.xcconfig */,
				1367594957478920276E33D0 /* Pods-Clio-ClioTests.release.xcconfig */,
			);
			path = Pods;
			sourceTree = "<group>";
		};
/* End PBXGroup section */

/* Begin PBXNativeTarget section */
		00E356ED1AD99517003FC87E /* ClioTests */ = {
			isa = PBXNativeTarget;
			buildConfigurationList = 00E357021AD99517003FC87E /* Build configuration list for PBXNativeTarget "ClioTests" */;
			buildPhases = (
				DA0FB129AA4BD93731C15C11 /* [CP] Check Pods Manifest.lock */,
				00E356EA1AD99517003FC87E /* Sources */,
				00E356EB1AD99517003FC87E /* Frameworks */,
				00E356EC1AD99517003FC87E /* Resources */,
				B1BCA69CDD6B6933C8F5EE60 /* [CP] Embed Pods Frameworks */,
				BCEE12D3D6859F83214EC1F6 /* [CP] Copy Pods Resources */,
			);
			buildRules = (
			);
			dependencies = (
				00E356F51AD99517003FC87E /* PBXTargetDependency */,
			);
			name = ClioTests;
			productName = ClioTests;
			productReference = 00E356EE1AD99517003FC87E /* ClioTests.xctest */;
			productType = "com.apple.product-type.bundle.unit-test";
		};
		13B07F861A680F5B00A75B9A /* Clio */ = {
			isa = PBXNativeTarget;
			buildConfigurationList = 13B07F931A680F5B00A75B9A /* Build configuration list for PBXNativeTarget "Clio" */;
			buildPhases = (
				0EF52018F6DAF0A389B060FD /* [CP] Check Pods Manifest.lock */,
				FD10A7F022414F080027D42C /* Start Packager */,
				13B07F871A680F5B00A75B9A /* Sources */,
				13B07F8C1A680F5B00A75B9A /* Frameworks */,
				13B07F8E1A680F5B00A75B9A /* Resources */,
				00DD1BFF1BD5951E006B06BC /* Bundle React Native code and images */,
				05F217247EE8481F9BCF40FC /* [CP] Embed Pods Frameworks */,
				E5EC8EA46F670D85646E4C97 /* [CP] Copy Pods Resources */,
				8E2FDCF028912A3B00BC10A9 /* Embed Frameworks */,
			);
			buildRules = (
			);
			dependencies = (
			);
			name = Clio;
			productName = Clio;
			productReference = 13B07F961A680F5B00A75B9A /* Clio.app */;
			productType = "com.apple.product-type.application";
		};
/* End PBXNativeTarget section */

/* Begin PBXProject section */
		83CBB9F71A601CBA00E9B192 /* Project object */ = {
			isa = PBXProject;
			attributes = {
				LastUpgradeCheck = 1210;
				TargetAttributes = {
					00E356ED1AD99517003FC87E = {
						CreatedOnToolsVersion = 6.2;
						TestTargetID = 13B07F861A680F5B00A75B9A;
					};
					13B07F861A680F5B00A75B9A = {
						LastSwiftMigration = 1310;
					};
				};
			};
			buildConfigurationList = 83CBB9FA1A601CBA00E9B192 /* Build configuration list for PBXProject "Clio" */;
			compatibilityVersion = "Xcode 12.0";
			developmentRegion = en;
			hasScannedForEncodings = 0;
			knownRegions = (
				en,
				Base,
			);
			mainGroup = 83CBB9F61A601CBA00E9B192;
			productRefGroup = 83CBBA001A601CBA00E9B192 /* Products */;
			projectDirPath = "";
			projectRoot = "";
			targets = (
				13B07F861A680F5B00A75B9A /* Clio */,
				00E356ED1AD99517003FC87E /* ClioTests */,
			);
		};
/* End PBXProject section */

/* Begin PBXResourcesBuildPhase section */
		00E356EC1AD99517003FC87E /* Resources */ = {
			isa = PBXResourcesBuildPhase;
			buildActionMask = 2147483647;
			files = (
			);
			runOnlyForDeploymentPostprocessing = 0;
		};
		13B07F8E1A680F5B00A75B9A /* Resources */ = {
			isa = PBXResourcesBuildPhase;
			buildActionMask = 2147483647;
			files = (
				81AB9BB82411601600AC10FF /* LaunchScreen.storyboard in Resources */,
				13B07FBF1A68108700A75B9A /* Images.xcassets in Resources */,
				3523885BE9024E7A8880BD22 /* RightGrotesk-CompactBlack.otf in Resources */,
				094D5AAAEA7B47DC96173118 /* RightGrotesk-Medium.otf in Resources */,
				5DF413433C344EB99DE74C6E /* RightGrotesk-NarrowLight.otf in Resources */,
				211B6B82113D40DC8FAA11E3 /* RightGrotesk-SpatialBlack.otf in Resources */,
				08017F33632D42D38304E11C /* RightGrotesk-TallFine.otf in Resources */,
				2964D76526104E37B5D5AA84 /* RightGrotesk-TightMedium.otf in Resources */,
				84CC5D72F9084050BB4C3251 /* RightGrotesk-WideMedium.otf in Resources */,
				69E330A69B834743BA706D6C /* Pangram-Black.otf in Resources */,
				D7FAEEFBE94D4F96AB65CB15 /* Pangram-Bold.otf in Resources */,
				F936C855693C47809FD8627F /* Pangram-ExtraBold.otf in Resources */,
				5C176A56329F47E9A2713EC5 /* Pangram-ExtraLight.otf in Resources */,
				1C47E7BD46B04E7EA5F72A7E /* Pangram-Light.otf in Resources */,
				7F1E98C78E7D4F598803A5DD /* Pangram-Medium.otf in Resources */,
				B61BE7E385004339B897EF81 /* Pangram-Regular.otf in Resources */,
				60AF76C3D595494683469AD8 /* MonumentExtended-Regular.otf in Resources */,
				46C3073A9F194F0EA096633D /* Poppins-Black.ttf in Resources */,
				6B2DBD13A93E42E69472BAAF /* Poppins-BlackItalic.ttf in Resources */,
				33DE025380A14FC89B92CB17 /* Poppins-Bold.ttf in Resources */,
				5970539C3BBC48BC91AF7419 /* Poppins-BoldItalic.ttf in Resources */,
				41DD1A67171A422FA159EFA1 /* Poppins-ExtraBold.ttf in Resources */,
				CBB60BDED89948C182947B28 /* Poppins-ExtraBoldItalic.ttf in Resources */,
				0E629FDA1784486A85DA87D7 /* Poppins-ExtraLight.ttf in Resources */,
				E78CFAEAC3D44C539C732E83 /* Poppins-ExtraLightItalic.ttf in Resources */,
				C12A0CB02BD84A07B3FCEF91 /* Poppins-Italic.ttf in Resources */,
				D323F690432E4A8190377A71 /* Poppins-Light.ttf in Resources */,
				7B6F059DB08B4BC18D9D5A1C /* Poppins-LightItalic.ttf in Resources */,
				1030C9A88D9C4D8AB9BD35BC /* Poppins-Medium.ttf in Resources */,
				AE4D8A80B1554053ADD83D1F /* Poppins-MediumItalic.ttf in Resources */,
				33F0834EC4394F87ACA9C3CF /* Poppins-Regular.ttf in Resources */,
				388AD9FD001E4FA1B0B5E14A /* Poppins-SemiBold.ttf in Resources */,
				AFF090DF8E98463EA99855A5 /* Poppins-SemiBoldItalic.ttf in Resources */,
				E66D12DC212949D0BAB7B78A /* Poppins-Thin.ttf in Resources */,
				DB18223249214431958FCA5C /* Poppins-ThinItalic.ttf in Resources */,
			);
			runOnlyForDeploymentPostprocessing = 0;
		};
/* End PBXResourcesBuildPhase section */

/* Begin PBXShellScriptBuildPhase section */
		00DD1BFF1BD5951E006B06BC /* Bundle React Native code and images */ = {
			isa = PBXShellScriptBuildPhase;
			buildActionMask = 2147483647;
			files = (
			);
			inputPaths = (
			);
			name = "Bundle React Native code and images";
			outputPaths = (
			);
			runOnlyForDeploymentPostprocessing = 0;
			shellPath = /bin/sh;
			shellScript = "set -e\n\nexport NODE_BINARY=node\n../node_modules/react-native/scripts/react-native-xcode.sh index.tsx\n";
		};
		05F217247EE8481F9BCF40FC /* [CP] Embed Pods Frameworks */ = {
			isa = PBXShellScriptBuildPhase;
			buildActionMask = 2147483647;
			files = (
			);
			inputFileListPaths = (
				"${PODS_ROOT}/Target Support Files/Pods-Clio/Pods-Clio-frameworks-${CONFIGURATION}-input-files.xcfilelist",
			);
			name = "[CP] Embed Pods Frameworks";
			outputFileListPaths = (
				"${PODS_ROOT}/Target Support Files/Pods-Clio/Pods-Clio-frameworks-${CONFIGURATION}-output-files.xcfilelist",
			);
			runOnlyForDeploymentPostprocessing = 0;
			shellPath = /bin/sh;
			shellScript = "\"${PODS_ROOT}/Target Support Files/Pods-Clio/Pods-Clio-frameworks.sh\"\n";
			showEnvVarsInLog = 0;
		};
		0EF52018F6DAF0A389B060FD /* [CP] Check Pods Manifest.lock */ = {
			isa = PBXShellScriptBuildPhase;
			buildActionMask = 2147483647;
			files = (
			);
			inputFileListPaths = (
			);
			inputPaths = (
				"${PODS_PODFILE_DIR_PATH}/Podfile.lock",
				"${PODS_ROOT}/Manifest.lock",
			);
			name = "[CP] Check Pods Manifest.lock";
			outputFileListPaths = (
			);
			outputPaths = (
				"$(DERIVED_FILE_DIR)/Pods-Clio-checkManifestLockResult.txt",
			);
			runOnlyForDeploymentPostprocessing = 0;
			shellPath = /bin/sh;
			shellScript = "diff \"${PODS_PODFILE_DIR_PATH}/Podfile.lock\" \"${PODS_ROOT}/Manifest.lock\" > /dev/null\nif [ $? != 0 ] ; then\n    # print error to STDERR\n    echo \"error: The sandbox is not in sync with the Podfile.lock. Run 'pod install' or update your CocoaPods installation.\" >&2\n    exit 1\nfi\n# This output is used by Xcode 'outputs' to avoid re-running this script phase.\necho \"SUCCESS\" > \"${SCRIPT_OUTPUT_FILE_0}\"\n";
			showEnvVarsInLog = 0;
		};
		B1BCA69CDD6B6933C8F5EE60 /* [CP] Embed Pods Frameworks */ = {
			isa = PBXShellScriptBuildPhase;
			buildActionMask = 2147483647;
			files = (
			);
			inputFileListPaths = (
				"${PODS_ROOT}/Target Support Files/Pods-Clio-ClioTests/Pods-Clio-ClioTests-frameworks-${CONFIGURATION}-input-files.xcfilelist",
			);
			name = "[CP] Embed Pods Frameworks";
			outputFileListPaths = (
				"${PODS_ROOT}/Target Support Files/Pods-Clio-ClioTests/Pods-Clio-ClioTests-frameworks-${CONFIGURATION}-output-files.xcfilelist",
			);
			runOnlyForDeploymentPostprocessing = 0;
			shellPath = /bin/sh;
			shellScript = "\"${PODS_ROOT}/Target Support Files/Pods-Clio-ClioTests/Pods-Clio-ClioTests-frameworks.sh\"\n";
			showEnvVarsInLog = 0;
		};
		BCEE12D3D6859F83214EC1F6 /* [CP] Copy Pods Resources */ = {
			isa = PBXShellScriptBuildPhase;
			buildActionMask = 2147483647;
			files = (
			);
			inputFileListPaths = (
				"${PODS_ROOT}/Target Support Files/Pods-Clio-ClioTests/Pods-Clio-ClioTests-resources-${CONFIGURATION}-input-files.xcfilelist",
			);
			name = "[CP] Copy Pods Resources";
			outputFileListPaths = (
				"${PODS_ROOT}/Target Support Files/Pods-Clio-ClioTests/Pods-Clio-ClioTests-resources-${CONFIGURATION}-output-files.xcfilelist",
			);
			runOnlyForDeploymentPostprocessing = 0;
			shellPath = /bin/sh;
			shellScript = "\"${PODS_ROOT}/Target Support Files/Pods-Clio-ClioTests/Pods-Clio-ClioTests-resources.sh\"\n";
			showEnvVarsInLog = 0;
		};
		DA0FB129AA4BD93731C15C11 /* [CP] Check Pods Manifest.lock */ = {
			isa = PBXShellScriptBuildPhase;
			buildActionMask = 2147483647;
			files = (
			);
			inputFileListPaths = (
			);
			inputPaths = (
				"${PODS_PODFILE_DIR_PATH}/Podfile.lock",
				"${PODS_ROOT}/Manifest.lock",
			);
			name = "[CP] Check Pods Manifest.lock";
			outputFileListPaths = (
			);
			outputPaths = (
				"$(DERIVED_FILE_DIR)/Pods-Clio-ClioTests-checkManifestLockResult.txt",
			);
			runOnlyForDeploymentPostprocessing = 0;
			shellPath = /bin/sh;
			shellScript = "diff \"${PODS_PODFILE_DIR_PATH}/Podfile.lock\" \"${PODS_ROOT}/Manifest.lock\" > /dev/null\nif [ $? != 0 ] ; then\n    # print error to STDERR\n    echo \"error: The sandbox is not in sync with the Podfile.lock. Run 'pod install' or update your CocoaPods installation.\" >&2\n    exit 1\nfi\n# This output is used by Xcode 'outputs' to avoid re-running this script phase.\necho \"SUCCESS\" > \"${SCRIPT_OUTPUT_FILE_0}\"\n";
			showEnvVarsInLog = 0;
		};
		E5EC8EA46F670D85646E4C97 /* [CP] Copy Pods Resources */ = {
			isa = PBXShellScriptBuildPhase;
			buildActionMask = 2147483647;
			files = (
			);
			inputFileListPaths = (
				"${PODS_ROOT}/Target Support Files/Pods-Clio/Pods-Clio-resources-${CONFIGURATION}-input-files.xcfilelist",
			);
			name = "[CP] Copy Pods Resources";
			outputFileListPaths = (
				"${PODS_ROOT}/Target Support Files/Pods-Clio/Pods-Clio-resources-${CONFIGURATION}-output-files.xcfilelist",
			);
			runOnlyForDeploymentPostprocessing = 0;
			shellPath = /bin/sh;
			shellScript = "\"${PODS_ROOT}/Target Support Files/Pods-Clio/Pods-Clio-resources.sh\"\n";
			showEnvVarsInLog = 0;
		};
		FD10A7F022414F080027D42C /* Start Packager */ = {
			isa = PBXShellScriptBuildPhase;
			buildActionMask = 2147483647;
			files = (
			);
			inputFileListPaths = (
			);
			inputPaths = (
			);
			name = "Start Packager";
			outputFileListPaths = (
			);
			outputPaths = (
			);
			runOnlyForDeploymentPostprocessing = 0;
			shellPath = /bin/sh;
			shellScript = "export RCT_METRO_PORT=\"${RCT_METRO_PORT:=8081}\"\necho \"export RCT_METRO_PORT=${RCT_METRO_PORT}\" > \"${SRCROOT}/../node_modules/react-native/scripts/.packager.env\"\nif [ -z \"${RCT_NO_LAUNCH_PACKAGER+xxx}\" ] ; then\n  if nc -w 5 -z localhost ${RCT_METRO_PORT} ; then\n    if ! curl -s \"http://localhost:${RCT_METRO_PORT}/status\" | grep -q \"packager-status:running\" ; then\n      echo \"Port ${RCT_METRO_PORT} already in use, packager is either not running or not running correctly\"\n      exit 2\n    fi\n  else\n    open \"$SRCROOT/../node_modules/react-native/scripts/launchPackager.command\" || echo \"Can't start packager automatically\"\n  fi\nfi\n";
			showEnvVarsInLog = 0;
		};
/* End PBXShellScriptBuildPhase section */

/* Begin PBXSourcesBuildPhase section */
		00E356EA1AD99517003FC87E /* Sources */ = {
			isa = PBXSourcesBuildPhase;
			buildActionMask = 2147483647;
			files = (
				00E356F31AD99517003FC87E /* ClioTests.m in Sources */,
			);
			runOnlyForDeploymentPostprocessing = 0;
		};
		13B07F871A680F5B00A75B9A /* Sources */ = {
			isa = PBXSourcesBuildPhase;
			buildActionMask = 2147483647;
			files = (
				13B07FBC1A68108700A75B9A /* AppDelegate.mm in Sources */,
				E180B3BA2832D97B00B1A703 /* dummy.swift in Sources */,
				13B07FC11A68108700A75B9A /* main.m in Sources */,
			);
			runOnlyForDeploymentPostprocessing = 0;
		};
/* End PBXSourcesBuildPhase section */

/* Begin PBXTargetDependency section */
		00E356F51AD99517003FC87E /* PBXTargetDependency */ = {
			isa = PBXTargetDependency;
			target = 13B07F861A680F5B00A75B9A /* Clio */;
			targetProxy = 00E356F41AD99517003FC87E /* PBXContainerItemProxy */;
		};
/* End PBXTargetDependency section */

/* Begin XCBuildConfiguration section */
		00E356F61AD99517003FC87E /* Debug */ = {
			isa = XCBuildConfiguration;
			baseConfigurationReference = 57AC6AAE1849C7F9FC6B7D95 /* Pods-Clio-ClioTests.debug.xcconfig */;
			buildSettings = {
				ALWAYS_EMBED_SWIFT_STANDARD_LIBRARIES = YES;
				BUNDLE_LOADER = "$(TEST_HOST)";
				GCC_PREPROCESSOR_DEFINITIONS = (
					"DEBUG=1",
					"$(inherited)",
				);
				INFOPLIST_FILE = ClioTests/Info.plist;
				IPHONEOS_DEPLOYMENT_TARGET = 11.0;
				LD_RUNPATH_SEARCH_PATHS = (
					"$(inherited)",
					"@executable_path/Frameworks",
					"@loader_path/Frameworks",
				);
				OTHER_LDFLAGS = (
					"-ObjC",
					"-lc++",
					"$(inherited)",
				);
				PRODUCT_BUNDLE_IDENTIFIER = "org.reactjs.native.example.$(PRODUCT_NAME:rfc1034identifier)";
				PRODUCT_NAME = "$(TARGET_NAME)";
				TEST_HOST = "$(BUILT_PRODUCTS_DIR)/Clio.app/Clio";
			};
			name = Debug;
		};
		00E356F71AD99517003FC87E /* Release */ = {
			isa = XCBuildConfiguration;
			baseConfigurationReference = 1367594957478920276E33D0 /* Pods-Clio-ClioTests.release.xcconfig */;
			buildSettings = {
				ALWAYS_EMBED_SWIFT_STANDARD_LIBRARIES = YES;
				BUNDLE_LOADER = "$(TEST_HOST)";
				COPY_PHASE_STRIP = NO;
				INFOPLIST_FILE = ClioTests/Info.plist;
				IPHONEOS_DEPLOYMENT_TARGET = 11.0;
				LD_RUNPATH_SEARCH_PATHS = (
					"$(inherited)",
					"@executable_path/Frameworks",
					"@loader_path/Frameworks",
				);
				OTHER_LDFLAGS = (
					"-ObjC",
					"-lc++",
					"$(inherited)",
				);
				PRODUCT_BUNDLE_IDENTIFIER = "org.reactjs.native.example.$(PRODUCT_NAME:rfc1034identifier)";
				PRODUCT_NAME = "$(TARGET_NAME)";
				TEST_HOST = "$(BUILT_PRODUCTS_DIR)/Clio.app/Clio";
			};
			name = Release;
		};
		13B07F941A680F5B00A75B9A /* Debug */ = {
			isa = XCBuildConfiguration;
			baseConfigurationReference = 9984477170F38A730D7BC8F2 /* Pods-Clio.debug.xcconfig */;
			buildSettings = {
				ASSETCATALOG_COMPILER_APPICON_NAME = AppIcon;
				CLANG_ENABLE_MODULES = YES;
				CODE_SIGN_STYLE = Manual;
				CURRENT_PROJECT_VERSION = 1;
				DEVELOPMENT_TEAM = BTFC744AH8;
				ENABLE_BITCODE = NO;
				HEADER_SEARCH_PATHS = (
					"$(inherited)",
					"\"${PODS_ROOT}/Headers/Public\"",
					"\"${PODS_ROOT}/Headers/Public/BVLinearGradient\"",
					"\"${PODS_ROOT}/Headers/Public/CocoaAsyncSocket\"",
					"\"${PODS_ROOT}/Headers/Public/DoubleConversion\"",
					"\"${PODS_ROOT}/Headers/Public/FBLazyVector\"",
					"\"${PODS_ROOT}/Headers/Public/Firebase\"",
					"\"${PODS_ROOT}/Headers/Public/FirebaseCore\"",
					"\"${PODS_ROOT}/Headers/Public/FirebaseCoreDiagnostics\"",
					"\"${PODS_ROOT}/Headers/Public/FirebaseInstallations\"",
					"\"${PODS_ROOT}/Headers/Public/FirebaseMessaging\"",
					"\"${PODS_ROOT}/Headers/Public/Flipper\"",
					"\"${PODS_ROOT}/Headers/Public/Flipper-Fmt\"",
					"\"${PODS_ROOT}/Headers/Public/Flipper-Folly\"",
					"\"${PODS_ROOT}/Headers/Public/Flipper-PeerTalk\"",
					"\"${PODS_ROOT}/Headers/Public/Flipper-RSocket\"",
					"\"${PODS_ROOT}/Headers/Public/FlipperKit\"",
					"\"${PODS_ROOT}/Headers/Public/GoogleDataTransport\"",
					"\"${PODS_ROOT}/Headers/Public/GoogleUtilities\"",
					"\"${PODS_ROOT}/Headers/Public/PromisesObjC\"",
					"\"${PODS_ROOT}/Headers/Public/RCT-Folly\"",
					"\"${PODS_ROOT}/Headers/Public/RCTRequired\"",
					"\"${PODS_ROOT}/Headers/Public/RCTTypeSafety\"",
					"\"${PODS_ROOT}/Headers/Public/RNCAsyncStorage\"",
					"\"${PODS_ROOT}/Headers/Public/RNFBApp\"",
					"\"${PODS_ROOT}/Headers/Public/RNFBMessaging\"",
					"\"${PODS_ROOT}/Headers/Public/RNGestureHandler\"",
					"\"${PODS_ROOT}/Headers/Public/RNImageCropPicker\"",
					"\"${PODS_ROOT}/Headers/Public/RNReanimated\"",
					"\"${PODS_ROOT}/Headers/Public/RNSVG\"",
					"\"${PODS_ROOT}/Headers/Public/RNScreens\"",
					"\"${PODS_ROOT}/Headers/Public/RNSecureKeyStore\"",
					"\"${PODS_ROOT}/Headers/Public/RNShare\"",
					"\"${PODS_ROOT}/Headers/Public/RNSound\"",
					"\"${PODS_ROOT}/Headers/Public/React-Codegen\"",
					"\"${PODS_ROOT}/Headers/Public/React-Core\"",
					"\"${PODS_ROOT}/Headers/Public/React-RCTBlob\"",
					"\"${PODS_ROOT}/Headers/Public/React-RCTText\"",
					"\"${PODS_ROOT}/Headers/Public/React-callinvoker\"",
					"\"${PODS_ROOT}/Headers/Public/React-cxxreact\"",
					"\"${PODS_ROOT}/Headers/Public/React-jsi\"",
					"\"${PODS_ROOT}/Headers/Public/React-jsiexecutor\"",
					"\"${PODS_ROOT}/Headers/Public/React-jsinspector\"",
					"\"${PODS_ROOT}/Headers/Public/React-logger\"",
					"\"${PODS_ROOT}/Headers/Public/React-perflogger\"",
					"\"${PODS_ROOT}/Headers/Public/React-runtimeexecutor\"",
					"\"${PODS_ROOT}/Headers/Public/ReactCommon\"",
					"\"${PODS_ROOT}/Headers/Public/SocketRocket\"",
					"\"${PODS_ROOT}/Headers/Public/TOCropViewController\"",
					"\"${PODS_ROOT}/Headers/Public/Yoga\"",
					"\"${PODS_ROOT}/Headers/Public/YogaKit\"",
					"\"${PODS_ROOT}/Headers/Public/fmt\"",
					"\"${PODS_ROOT}/Headers/Public/glog\"",
					"\"${PODS_ROOT}/Headers/Public/libevent\"",
					"\"${PODS_ROOT}/Headers/Public/nanopb\"",
					"\"${PODS_ROOT}/Headers/Public/react-native-config\"",
					"\"${PODS_ROOT}/Headers/Public/react-native-pager-view\"",
					"\"${PODS_ROOT}/Headers/Public/react-native-randombytes\"",
					"\"${PODS_ROOT}/Headers/Public/react-native-safe-area-context\"",
					"\"${PODS_ROOT}/Headers/Public/react-native-slider\"",
					"\"${PODS_ROOT}/Headers/Public/react-native-splash-screen\"",
					"\"${PODS_ROOT}/Headers/Public/react-native-track-player\"",
					"\"$(PODS_ROOT)/DoubleConversion\"",
					"$(inherited)",
					"${PODS_ROOT}/Firebase/CoreOnly/Sources",
					"\"$(PODS_ROOT)/boost\"",
					"\"$(PODS_ROOT)/boost\"",
					"\"$(PODS_ROOT)/boost-for-react-native\"",
					"\"$(PODS_ROOT)/glog\"",
					"\"$(PODS_ROOT)/RCT-Folly\"",
					"\"${PODS_ROOT}/Headers/Public/React-hermes\"",
					"\"${PODS_ROOT}/Headers/Public/hermes-engine\"",
					"\"$(PODS_ROOT)/Headers/Private/React-Core\"",
					"\"${PODS_ROOT}/Headers/Public/react-native-splash-screen\"",
				);
				INFOPLIST_FILE = Clio/Info.plist;
				IPHONEOS_DEPLOYMENT_TARGET = 14.0;
				LD_RUNPATH_SEARCH_PATHS = (
					"$(inherited)",
					"@executable_path/Frameworks",
				);
				OTHER_LDFLAGS = (
					"$(inherited)",
					"-ObjC",
					"-lc++",
				);
				PRODUCT_BUNDLE_IDENTIFIER = com.clio;
				PRODUCT_NAME = Clio;
				PROVISIONING_PROFILE_SPECIFIER = myx_dev_provision;
				SWIFT_OBJC_BRIDGING_HEADER = "Clio-Bridging-Header.h";
				SWIFT_OPTIMIZATION_LEVEL = "-Onone";
				SWIFT_VERSION = 5.0;
				VERSIONING_SYSTEM = "apple-generic";
			};
			name = Debug;
		};
		13B07F951A680F5B00A75B9A /* Release */ = {
			isa = XCBuildConfiguration;
			baseConfigurationReference = CD01B3BB69F88A60220B0285 /* Pods-Clio.release.xcconfig */;
			buildSettings = {
				ASSETCATALOG_COMPILER_APPICON_NAME = AppIcon;
				CLANG_ENABLE_MODULES = YES;
				CODE_SIGN_STYLE = Manual;
				CURRENT_PROJECT_VERSION = 1;
				DEVELOPMENT_TEAM = BTFC744AH8;
				HEADER_SEARCH_PATHS = (
					"$(inherited)",
					"\"${PODS_ROOT}/Headers/Public\"",
					"\"${PODS_ROOT}/Headers/Public/BVLinearGradient\"",
					"\"${PODS_ROOT}/Headers/Public/CocoaAsyncSocket\"",
					"\"${PODS_ROOT}/Headers/Public/DoubleConversion\"",
					"\"${PODS_ROOT}/Headers/Public/FBLazyVector\"",
					"\"${PODS_ROOT}/Headers/Public/Firebase\"",
					"\"${PODS_ROOT}/Headers/Public/FirebaseCore\"",
					"\"${PODS_ROOT}/Headers/Public/FirebaseCoreDiagnostics\"",
					"\"${PODS_ROOT}/Headers/Public/FirebaseInstallations\"",
					"\"${PODS_ROOT}/Headers/Public/FirebaseMessaging\"",
					"\"${PODS_ROOT}/Headers/Public/Flipper\"",
					"\"${PODS_ROOT}/Headers/Public/Flipper-Fmt\"",
					"\"${PODS_ROOT}/Headers/Public/Flipper-Folly\"",
					"\"${PODS_ROOT}/Headers/Public/Flipper-PeerTalk\"",
					"\"${PODS_ROOT}/Headers/Public/Flipper-RSocket\"",
					"\"${PODS_ROOT}/Headers/Public/FlipperKit\"",
					"\"${PODS_ROOT}/Headers/Public/GoogleDataTransport\"",
					"\"${PODS_ROOT}/Headers/Public/GoogleUtilities\"",
					"\"${PODS_ROOT}/Headers/Public/PromisesObjC\"",
					"\"${PODS_ROOT}/Headers/Public/RCT-Folly\"",
					"\"${PODS_ROOT}/Headers/Public/RCTRequired\"",
					"\"${PODS_ROOT}/Headers/Public/RCTTypeSafety\"",
					"\"${PODS_ROOT}/Headers/Public/RNCAsyncStorage\"",
					"\"${PODS_ROOT}/Headers/Public/RNFBApp\"",
					"\"${PODS_ROOT}/Headers/Public/RNFBMessaging\"",
					"\"${PODS_ROOT}/Headers/Public/RNGestureHandler\"",
					"\"${PODS_ROOT}/Headers/Public/RNImageCropPicker\"",
					"\"${PODS_ROOT}/Headers/Public/RNReanimated\"",
					"\"${PODS_ROOT}/Headers/Public/RNSVG\"",
					"\"${PODS_ROOT}/Headers/Public/RNScreens\"",
					"\"${PODS_ROOT}/Headers/Public/RNSecureKeyStore\"",
					"\"${PODS_ROOT}/Headers/Public/RNShare\"",
					"\"${PODS_ROOT}/Headers/Public/RNSound\"",
					"\"${PODS_ROOT}/Headers/Public/React-Codegen\"",
					"\"${PODS_ROOT}/Headers/Public/React-Core\"",
					"\"${PODS_ROOT}/Headers/Public/React-RCTBlob\"",
					"\"${PODS_ROOT}/Headers/Public/React-RCTText\"",
					"\"${PODS_ROOT}/Headers/Public/React-callinvoker\"",
					"\"${PODS_ROOT}/Headers/Public/React-cxxreact\"",
					"\"${PODS_ROOT}/Headers/Public/React-jsi\"",
					"\"${PODS_ROOT}/Headers/Public/React-jsiexecutor\"",
					"\"${PODS_ROOT}/Headers/Public/React-jsinspector\"",
					"\"${PODS_ROOT}/Headers/Public/React-logger\"",
					"\"${PODS_ROOT}/Headers/Public/React-perflogger\"",
					"\"${PODS_ROOT}/Headers/Public/React-runtimeexecutor\"",
					"\"${PODS_ROOT}/Headers/Public/ReactCommon\"",
					"\"${PODS_ROOT}/Headers/Public/SocketRocket\"",
					"\"${PODS_ROOT}/Headers/Public/TOCropViewController\"",
					"\"${PODS_ROOT}/Headers/Public/Yoga\"",
					"\"${PODS_ROOT}/Headers/Public/YogaKit\"",
					"\"${PODS_ROOT}/Headers/Public/fmt\"",
					"\"${PODS_ROOT}/Headers/Public/glog\"",
					"\"${PODS_ROOT}/Headers/Public/libevent\"",
					"\"${PODS_ROOT}/Headers/Public/nanopb\"",
					"\"${PODS_ROOT}/Headers/Public/react-native-config\"",
					"\"${PODS_ROOT}/Headers/Public/react-native-pager-view\"",
					"\"${PODS_ROOT}/Headers/Public/react-native-randombytes\"",
					"\"${PODS_ROOT}/Headers/Public/react-native-safe-area-context\"",
					"\"${PODS_ROOT}/Headers/Public/react-native-slider\"",
					"\"${PODS_ROOT}/Headers/Public/react-native-splash-screen\"",
					"\"${PODS_ROOT}/Headers/Public/react-native-track-player\"",
					"\"$(PODS_ROOT)/DoubleConversion\"",
					"$(inherited)",
					"${PODS_ROOT}/Firebase/CoreOnly/Sources",
					"\"$(PODS_ROOT)/boost\"",
					"\"$(PODS_ROOT)/boost\"",
					"\"$(PODS_ROOT)/boost-for-react-native\"",
					"\"$(PODS_ROOT)/glog\"",
					"\"$(PODS_ROOT)/RCT-Folly\"",
					"\"${PODS_ROOT}/Headers/Public/React-hermes\"",
					"\"${PODS_ROOT}/Headers/Public/hermes-engine\"",
					"\"$(PODS_ROOT)/Headers/Private/React-Core\"",
					"\"${PODS_ROOT}/Headers/Public/react-native-splash-screen\"",
				);
				INFOPLIST_FILE = Clio/Info.plist;
				IPHONEOS_DEPLOYMENT_TARGET = 14.0;
				LD_RUNPATH_SEARCH_PATHS = (
					"$(inherited)",
					"@executable_path/Frameworks",
				);
				OTHER_LDFLAGS = (
					"$(inherited)",
					"-ObjC",
					"-lc++",
				);
				PRODUCT_BUNDLE_IDENTIFIER = com.clio;
				PRODUCT_NAME = Clio;
				PROVISIONING_PROFILE_SPECIFIER = myx_dev_provision;
				SWIFT_OBJC_BRIDGING_HEADER = "Clio-Bridging-Header.h";
				SWIFT_VERSION = 5.0;
				VERSIONING_SYSTEM = "apple-generic";
			};
			name = Release;
		};
		83CBBA201A601CBA00E9B192 /* Debug */ = {
			isa = XCBuildConfiguration;
			buildSettings = {
				ALWAYS_SEARCH_USER_PATHS = NO;
				CLANG_ANALYZER_LOCALIZABILITY_NONLOCALIZED = YES;
				CLANG_CXX_LANGUAGE_STANDARD = "c++17";
				CLANG_CXX_LIBRARY = "libc++";
				CLANG_ENABLE_MODULES = YES;
				CLANG_ENABLE_OBJC_ARC = YES;
				CLANG_WARN_BLOCK_CAPTURE_AUTORELEASING = YES;
				CLANG_WARN_BOOL_CONVERSION = YES;
				CLANG_WARN_COMMA = YES;
				CLANG_WARN_CONSTANT_CONVERSION = YES;
				CLANG_WARN_DEPRECATED_OBJC_IMPLEMENTATIONS = YES;
				CLANG_WARN_DIRECT_OBJC_ISA_USAGE = YES_ERROR;
				CLANG_WARN_EMPTY_BODY = YES;
				CLANG_WARN_ENUM_CONVERSION = YES;
				CLANG_WARN_INFINITE_RECURSION = YES;
				CLANG_WARN_INT_CONVERSION = YES;
				CLANG_WARN_NON_LITERAL_NULL_CONVERSION = YES;
				CLANG_WARN_OBJC_IMPLICIT_RETAIN_SELF = YES;
				CLANG_WARN_OBJC_LITERAL_CONVERSION = YES;
				CLANG_WARN_OBJC_ROOT_CLASS = YES_ERROR;
				CLANG_WARN_QUOTED_INCLUDE_IN_FRAMEWORK_HEADER = YES;
				CLANG_WARN_RANGE_LOOP_ANALYSIS = YES;
				CLANG_WARN_STRICT_PROTOTYPES = YES;
				CLANG_WARN_SUSPICIOUS_MOVE = YES;
				CLANG_WARN_UNREACHABLE_CODE = YES;
				CLANG_WARN__DUPLICATE_METHOD_MATCH = YES;
				"CODE_SIGN_IDENTITY[sdk=iphoneos*]" = "iPhone Developer";
				COPY_PHASE_STRIP = NO;
				ENABLE_STRICT_OBJC_MSGSEND = YES;
				ENABLE_TESTABILITY = YES;
				"EXCLUDED_ARCHS[sdk=iphonesimulator*]" = "";
				GCC_C_LANGUAGE_STANDARD = gnu99;
				GCC_DYNAMIC_NO_PIC = NO;
				GCC_NO_COMMON_BLOCKS = YES;
				GCC_OPTIMIZATION_LEVEL = 0;
				GCC_PREPROCESSOR_DEFINITIONS = (
					"DEBUG=1",
					"$(inherited)",
				);
				GCC_SYMBOLS_PRIVATE_EXTERN = NO;
				GCC_WARN_64_TO_32_BIT_CONVERSION = YES;
				GCC_WARN_ABOUT_RETURN_TYPE = YES_ERROR;
				GCC_WARN_UNDECLARED_SELECTOR = YES;
				GCC_WARN_UNINITIALIZED_AUTOS = YES_AGGRESSIVE;
				GCC_WARN_UNUSED_FUNCTION = YES;
				GCC_WARN_UNUSED_VARIABLE = YES;
				IPHONEOS_DEPLOYMENT_TARGET = 11.0;
				LD_RUNPATH_SEARCH_PATHS = (
					/usr/lib/swift,
					"$(inherited)",
				);
				LIBRARY_SEARCH_PATHS = (
					"\"$(SDKROOT)/usr/lib/swift\"",
					"\"$(TOOLCHAIN_DIR)/usr/lib/swift/$(PLATFORM_NAME)\"",
					"\"$(inherited)\"",
				);
				MTL_ENABLE_DEBUG_INFO = YES;
				ONLY_ACTIVE_ARCH = YES;
				OTHER_CPLUSPLUSFLAGS = (
					"$(OTHER_CFLAGS)",
					"-DFOLLY_NO_CONFIG",
					"-DFOLLY_MOBILE=1",
					"-DFOLLY_USE_LIBCPP=1",
				);
				SDKROOT = iphoneos;
			};
			name = Debug;
		};
		83CBBA211A601CBA00E9B192 /* Release */ = {
			isa = XCBuildConfiguration;
			buildSettings = {
				ALWAYS_SEARCH_USER_PATHS = NO;
				CLANG_ANALYZER_LOCALIZABILITY_NONLOCALIZED = YES;
				CLANG_CXX_LANGUAGE_STANDARD = "c++17";
				CLANG_CXX_LIBRARY = "libc++";
				CLANG_ENABLE_MODULES = YES;
				CLANG_ENABLE_OBJC_ARC = YES;
				CLANG_WARN_BLOCK_CAPTURE_AUTORELEASING = YES;
				CLANG_WARN_BOOL_CONVERSION = YES;
				CLANG_WARN_COMMA = YES;
				CLANG_WARN_CONSTANT_CONVERSION = YES;
				CLANG_WARN_DEPRECATED_OBJC_IMPLEMENTATIONS = YES;
				CLANG_WARN_DIRECT_OBJC_ISA_USAGE = YES_ERROR;
				CLANG_WARN_EMPTY_BODY = YES;
				CLANG_WARN_ENUM_CONVERSION = YES;
				CLANG_WARN_INFINITE_RECURSION = YES;
				CLANG_WARN_INT_CONVERSION = YES;
				CLANG_WARN_NON_LITERAL_NULL_CONVERSION = YES;
				CLANG_WARN_OBJC_IMPLICIT_RETAIN_SELF = YES;
				CLANG_WARN_OBJC_LITERAL_CONVERSION = YES;
				CLANG_WARN_OBJC_ROOT_CLASS = YES_ERROR;
				CLANG_WARN_QUOTED_INCLUDE_IN_FRAMEWORK_HEADER = YES;
				CLANG_WARN_RANGE_LOOP_ANALYSIS = YES;
				CLANG_WARN_STRICT_PROTOTYPES = YES;
				CLANG_WARN_SUSPICIOUS_MOVE = YES;
				CLANG_WARN_UNREACHABLE_CODE = YES;
				CLANG_WARN__DUPLICATE_METHOD_MATCH = YES;
				"CODE_SIGN_IDENTITY[sdk=iphoneos*]" = "iPhone Developer";
				COPY_PHASE_STRIP = YES;
				ENABLE_NS_ASSERTIONS = NO;
				ENABLE_STRICT_OBJC_MSGSEND = YES;
				"EXCLUDED_ARCHS[sdk=iphonesimulator*]" = "";
				GCC_C_LANGUAGE_STANDARD = gnu99;
				GCC_NO_COMMON_BLOCKS = YES;
				GCC_WARN_64_TO_32_BIT_CONVERSION = YES;
				GCC_WARN_ABOUT_RETURN_TYPE = YES_ERROR;
				GCC_WARN_UNDECLARED_SELECTOR = YES;
				GCC_WARN_UNINITIALIZED_AUTOS = YES_AGGRESSIVE;
				GCC_WARN_UNUSED_FUNCTION = YES;
				GCC_WARN_UNUSED_VARIABLE = YES;
				IPHONEOS_DEPLOYMENT_TARGET = 11.0;
				LD_RUNPATH_SEARCH_PATHS = (
					/usr/lib/swift,
					"$(inherited)",
				);
				LIBRARY_SEARCH_PATHS = (
					"\"$(SDKROOT)/usr/lib/swift\"",
					"\"$(TOOLCHAIN_DIR)/usr/lib/swift/$(PLATFORM_NAME)\"",
					"\"$(inherited)\"",
				);
				MTL_ENABLE_DEBUG_INFO = NO;
				OTHER_CPLUSPLUSFLAGS = (
					"$(OTHER_CFLAGS)",
					"-DFOLLY_NO_CONFIG",
					"-DFOLLY_MOBILE=1",
					"-DFOLLY_USE_LIBCPP=1",
				);
				SDKROOT = iphoneos;
				VALIDATE_PRODUCT = YES;
			};
			name = Release;
		};
/* End XCBuildConfiguration section */

/* Begin XCConfigurationList section */
		00E357021AD99517003FC87E /* Build configuration list for PBXNativeTarget "ClioTests" */ = {
			isa = XCConfigurationList;
			buildConfigurations = (
				00E356F61AD99517003FC87E /* Debug */,
				00E356F71AD99517003FC87E /* Release */,
			);
			defaultConfigurationIsVisible = 0;
			defaultConfigurationName = Release;
		};
		13B07F931A680F5B00A75B9A /* Build configuration list for PBXNativeTarget "Clio" */ = {
			isa = XCConfigurationList;
			buildConfigurations = (
				13B07F941A680F5B00A75B9A /* Debug */,
				13B07F951A680F5B00A75B9A /* Release */,
			);
			defaultConfigurationIsVisible = 0;
			defaultConfigurationName = Release;
		};
		83CBB9FA1A601CBA00E9B192 /* Build configuration list for PBXProject "Clio" */ = {
			isa = XCConfigurationList;
			buildConfigurations = (
				83CBBA201A601CBA00E9B192 /* Debug */,
				83CBBA211A601CBA00E9B192 /* Release */,
			);
			defaultConfigurationIsVisible = 0;
			defaultConfigurationName = Release;
		};
/* End XCConfigurationList section */
	};
	rootObject = 83CBB9F71A601CBA00E9B192 /* Project object */;
}
